
Microsoft Visual Studio Solution File, Format Version 12.00
# Visual Studio 15
VisualStudioVersion = 15.0.28010.2003
MinimumVisualStudioVersion = 10.0.40219.1
Project("{FAE04EC0-301F-11D3-BF4B-00C04F79EFBC}") = "Hunting", "Hunting\Hunting.csproj", "{F86933FA-E4F7-4158-BF16-BC03334049E0}"
EndProject
Project("{FAE04EC0-301F-11D3-BF4B-00C04F79EFBC}") = "Hunting.Test", "Hunting.Test\Hunting.Test.csproj", "{2B46961C-0F41-48D3-90FB-54EF39ACA346}"
EndProject
Global
	GlobalSection(SolutionConfigurationPlatforms) = preSolution
		Debug|Any CPU = Debug|Any CPU
		Release|Any CPU = Release|Any CPU
	EndGlobalSection
	GlobalSection(ProjectConfigurationPlatforms) = postSolution
		{F86933FA-E4F7-4158-BF16-BC03334049E0}.Debug|Any CPU.ActiveCfg = Debug|Any CPU
		{F86933FA-E4F7-4158-BF16-BC03334049E0}.Debug|Any CPU.Build.0 = Debug|Any CPU
		{F86933FA-E4F7-4158-BF16-BC03334049E0}.Release|Any CPU.ActiveCfg = Release|Any CPU
		{F86933FA-E4F7-4158-BF16-BC03334049E0}.Release|Any CPU.Build.0 = Release|Any CPU
		{2B46961C-0F41-48D3-90FB-54EF39ACA346}.Debug|Any CPU.ActiveCfg = Debug|Any CPU
		{2B46961C-0F41-48D3-90FB-54EF39ACA346}.Debug|Any CPU.Build.0 = Debug|Any CPU
		{2B46961C-0F41-48D3-90FB-54EF39ACA346}.Release|Any CPU.ActiveCfg = Release|Any CPU
		{2B46961C-0F41-48D3-90FB-54EF39ACA346}.Release|Any CPU.Build.0 = Release|Any CPU
	EndGlobalSection
	GlobalSection(SolutionProperties) = preSolution
		HideSolutionNode = FALSE
	EndGlobalSection
	GlobalSection(ExtensibilityGlobals) = postSolution
		SolutionGuid = {814E622F-5402-4371-A12D-54DFF1373279}
	EndGlobalSection
EndGlobal
